// !$*UTF8*$!
{
	archiveVersion = 1;
	classes = {
	};
	objectVersion = 46;
	objects = {

/* Begin PBXBuildFile section */
		EDF4AB961BEAFBCE00100DBA /* AppDelegate.swift in Sources */ = {isa = PBXBuildFile; fileRef = EDF4AB951BEAFBCE00100DBA /* AppDelegate.swift */; };
		EDF4AB981BEAFBCE00100DBA /* ViewController.swift in Sources */ = {isa = PBXBuildFile; fileRef = EDF4AB971BEAFBCE00100DBA /* ViewController.swift */; };
		EDF4AB9B1BEAFBCE00100DBA /* Main.storyboard in Resources */ = {isa = PBXBuildFile; fileRef = EDF4AB991BEAFBCE00100DBA /* Main.storyboard */; };
		EDF4AB9D1BEAFBCE00100DBA /* Assets.xcassets in Resources */ = {isa = PBXBuildFile; fileRef = EDF4AB9C1BEAFBCE00100DBA /* Assets.xcassets */; };
		EDF4ABA01BEAFBCE00100DBA /* LaunchScreen.storyboard in Resources */ = {isa = PBXBuildFile; fileRef = EDF4AB9E1BEAFBCE00100DBA /* LaunchScreen.storyboard */; };
		EDF4ABAB1BEAFBCE00100DBA /* TVShopperIOSTests.swift in Sources */ = {isa = PBXBuildFile; fileRef = EDF4ABAA1BEAFBCE00100DBA /* TVShopperIOSTests.swift */; };
		EDF4ABB61BEAFBCE00100DBA /* TVShopperIOSUITests.swift in Sources */ = {isa = PBXBuildFile; fileRef = EDF4ABB51BEAFBCE00100DBA /* TVShopperIOSUITests.swift */; };
/* End PBXBuildFile section */

/* Begin PBXContainerItemProxy section */
		EDF4ABA71BEAFBCE00100DBA /* PBXContainerItemProxy */ = {
			isa = PBXContainerItemProxy;
			containerPortal = EDF4AB8A1BEAFBCE00100DBA /* Project object */;
			proxyType = 1;
			remoteGlobalIDString = EDF4AB911BEAFBCE00100DBA;
			remoteInfo = TVShopperIOS;
		};
		EDF4ABB21BEAFBCE00100DBA /* PBXContainerItemProxy */ = {
			isa = PBXContainerItemProxy;
			containerPortal = EDF4AB8A1BEAFBCE00100DBA /* Project object */;
			proxyType = 1;
			remoteGlobalIDString = EDF4AB911BEAFBCE00100DBA;
			remoteInfo = TVShopperIOS;
		};
/* End PBXContainerItemProxy section */

/* Begin PBXFileReference section */
		EDF4AB921BEAFBCE00100DBA /* TVShopperIOS.app */ = {isa = PBXFileReference; explicitFileType = wrapper.application; includeInIndex = 0; path = TVShopperIOS.app; sourceTree = BUILT_PRODUCTS_DIR; };
		EDF4AB951BEAFBCE00100DBA /* AppDelegate.swift */ = {isa = PBXFileReference; lastKnownFileType = sourcecode.swift; path = AppDelegate.swift; sourceTree = "<group>"; };
		EDF4AB971BEAFBCE00100DBA /* ViewController.swift */ = {isa = PBXFileReference; lastKnownFileType = sourcecode.swift; path = ViewController.swift; sourceTree = "<group>"; };
		EDF4AB9A1BEAFBCE00100DBA /* Base */ = {isa = PBXFileReference; lastKnownFileType = file.storyboard; name = Base; path = Base.lproj/Main.storyboard; sourceTree = "<group>"; };
		EDF4AB9C1BEAFBCE00100DBA /* Assets.xcassets */ = {isa = PBXFileReference; lastKnownFileType = folder.assetcatalog; path = Assets.xcassets; sourceTree = "<group>"; };
		EDF4AB9F1BEAFBCE00100DBA /* Base */ = {isa = PBXFileReference; lastKnownFileType = file.storyboard; name = Base; path = Base.lproj/LaunchScreen.storyboard; sourceTree = "<group>"; };
		EDF4ABA11BEAFBCE00100DBA /* Info.plist */ = {isa = PBXFileReference; lastKnownFileType = text.plist.xml; path = Info.plist; sourceTree = "<group>"; };
		EDF4ABA61BEAFBCE00100DBA /* TVShopperIOSTests.xctest */ = {isa = PBXFileReference; explicitFileType = wrapper.cfbundle; includeInIndex = 0; path = TVShopperIOSTests.xctest; sourceTree = BUILT_PRODUCTS_DIR; };
		EDF4ABAA1BEAFBCE00100DBA /* TVShopperIOSTests.swift */ = {isa = PBXFileReference; lastKnownFileType = sourcecode.swift; path = TVShopperIOSTests.swift; sourceTree = "<group>"; };
		EDF4ABAC1BEAFBCE00100DBA /* Info.plist */ = {isa = PBXFileReference; lastKnownFileType = text.plist.xml; path = Info.plist; sourceTree = "<group>"; };
		EDF4ABB11BEAFBCE00100DBA /* TVShopperIOSUITests.xctest */ = {isa = PBXFileReference; explicitFileType = wrapper.cfbundle; includeInIndex = 0; path = TVShopperIOSUITests.xctest; sourceTree = BUILT_PRODUCTS_DIR; };
		EDF4ABB51BEAFBCE00100DBA /* TVShopperIOSUITests.swift */ = {isa = PBXFileReference; lastKnownFileType = sourcecode.swift; path = TVShopperIOSUITests.swift; sourceTree = "<group>"; };
		EDF4ABB71BEAFBCE00100DBA /* Info.plist */ = {isa = PBXFileReference; lastKnownFileType = text.plist.xml; path = Info.plist; sourceTree = "<group>"; };
/* End PBXFileReference section */

/* Begin PBXFrameworksBuildPhase section */
		EDF4AB8F1BEAFBCE00100DBA /* Frameworks */ = {
			isa = PBXFrameworksBuildPhase;
			buildActionMask = 2147483647;
			files = (
			);
			runOnlyForDeploymentPostprocessing = 0;
		};
		EDF4ABA31BEAFBCE00100DBA /* Frameworks */ = {
			isa = PBXFrameworksBuildPhase;
			buildActionMask = 2147483647;
			files = (
			);
			runOnlyForDeploymentPostprocessing = 0;
		};
		EDF4ABAE1BEAFBCE00100DBA /* Frameworks */ = {
			isa = PBXFrameworksBuildPhase;
			buildActionMask = 2147483647;
			files = (
			);
			runOnlyForDeploymentPostprocessing = 0;
		};
/* End PBXFrameworksBuildPhase section */

/* Begin PBXGroup section */
		EDF4AB891BEAFBCE00100DBA = {
			isa = PBXGroup;
			children = (
				EDF4AB941BEAFBCE00100DBA /* TVShopperIOS */,
				EDF4ABA91BEAFBCE00100DBA /* TVShopperIOSTests */,
				EDF4ABB41BEAFBCE00100DBA /* TVShopperIOSUITests */,
				EDF4AB931BEAFBCE00100DBA /* Products */,
			);
			sourceTree = "<group>";
		};
		EDF4AB931BEAFBCE00100DBA /* Products */ = {
			isa = PBXGroup;
			children = (
				EDF4AB921BEAFBCE00100DBA /* TVShopperIOS.app */,
				EDF4ABA61BEAFBCE00100DBA /* TVShopperIOSTests.xctest */,
				EDF4ABB11BEAFBCE00100DBA /* TVShopperIOSUITests.xctest */,
			);
			name = Products;
			sourceTree = "<group>";
		};
		EDF4AB941BEAFBCE00100DBA /* TVShopperIOS */ = {
			isa = PBXGroup;
			children = (
				EDF4AB951BEAFBCE00100DBA /* AppDelegate.swift */,
				EDF4AB971BEAFBCE00100DBA /* ViewController.swift */,
				EDF4AB991BEAFBCE00100DBA /* Main.storyboard */,
				EDF4AB9C1BEAFBCE00100DBA /* Assets.xcassets */,
				EDF4AB9E1BEAFBCE00100DBA /* LaunchScreen.storyboard */,
				EDF4ABA11BEAFBCE00100DBA /* Info.plist */,
			);
			path = TVShopperIOS;
			sourceTree = "<group>";
		};
		EDF4ABA91BEAFBCE00100DBA /* TVShopperIOSTests */ = {
			isa = PBXGroup;
			children = (
				EDF4ABAA1BEAFBCE00100DBA /* TVShopperIOSTests.swift */,
				EDF4ABAC1BEAFBCE00100DBA /* Info.plist */,
			);
			path = TVShopperIOSTests;
			sourceTree = "<group>";
		};
		EDF4ABB41BEAFBCE00100DBA /* TVShopperIOSUITests */ = {
			isa = PBXGroup;
			children = (
				EDF4ABB51BEAFBCE00100DBA /* TVShopperIOSUITests.swift */,
				EDF4ABB71BEAFBCE00100DBA /* Info.plist */,
			);
			path = TVShopperIOSUITests;
			sourceTree = "<group>";
		};
/* End PBXGroup section */

/* Begin PBXNativeTarget section */
		EDF4AB911BEAFBCE00100DBA /* TVShopperIOS */ = {
			isa = PBXNativeTarget;
			buildConfigurationList = EDF4ABBA1BEAFBCE00100DBA /* Build configuration list for PBXNativeTarget "TVShopperIOS" */;
			buildPhases = (
				EDF4AB8E1BEAFBCE00100DBA /* Sources */,
				EDF4AB8F1BEAFBCE00100DBA /* Frameworks */,
				EDF4AB901BEAFBCE00100DBA /* Resources */,
			);
			buildRules = (
			);
			dependencies = (
			);
			name = TVShopperIOS;
			productName = TVShopperIOS;
			productReference = EDF4AB921BEAFBCE00100DBA /* TVShopperIOS.app */;
			productType = "com.apple.product-type.application";
		};
		EDF4ABA51BEAFBCE00100DBA /* TVShopperIOSTests */ = {
			isa = PBXNativeTarget;
			buildConfigurationList = EDF4ABBD1BEAFBCE00100DBA /* Build configuration list for PBXNativeTarget "TVShopperIOSTests" */;
			buildPhases = (
				EDF4ABA21BEAFBCE00100DBA /* Sources */,
				EDF4ABA31BEAFBCE00100DBA /* Frameworks */,
				EDF4ABA41BEAFBCE00100DBA /* Resources */,
			);
			buildRules = (
			);
			dependencies = (
				EDF4ABA81BEAFBCE00100DBA /* PBXTargetDependency */,
			);
			name = TVShopperIOSTests;
			productName = TVShopperIOSTests;
			productReference = EDF4ABA61BEAFBCE00100DBA /* TVShopperIOSTests.xctest */;
			productType = "com.apple.product-type.bundle.unit-test";
		};
		EDF4ABB01BEAFBCE00100DBA /* TVShopperIOSUITests */ = {
			isa = PBXNativeTarget;
			buildConfigurationList = EDF4ABC01BEAFBCE00100DBA /* Build configuration list for PBXNativeTarget "TVShopperIOSUITests" */;
			buildPhases = (
				EDF4ABAD1BEAFBCE00100DBA /* Sources */,
				EDF4ABAE1BEAFBCE00100DBA /* Frameworks */,
				EDF4ABAF1BEAFBCE00100DBA /* Resources */,
			);
			buildRules = (
			);
			dependencies = (
				EDF4ABB31BEAFBCE00100DBA /* PBXTargetDependency */,
			);
			name = TVShopperIOSUITests;
			productName = TVShopperIOSUITests;
			productReference = EDF4ABB11BEAFBCE00100DBA /* TVShopperIOSUITests.xctest */;
			productType = "com.apple.product-type.bundle.ui-testing";
		};
/* End PBXNativeTarget section */

/* Begin PBXProject section */
		EDF4AB8A1BEAFBCE00100DBA /* Project object */ = {
			isa = PBXProject;
			attributes = {
				LastSwiftUpdateCheck = 0710;
				LastUpgradeCheck = 0710;
				ORGANIZATIONNAME = TVWatchers;
				TargetAttributes = {
					EDF4AB911BEAFBCE00100DBA = {
						CreatedOnToolsVersion = 7.1;
					};
					EDF4ABA51BEAFBCE00100DBA = {
						CreatedOnToolsVersion = 7.1;
						TestTargetID = EDF4AB911BEAFBCE00100DBA;
					};
					EDF4ABB01BEAFBCE00100DBA = {
						CreatedOnToolsVersion = 7.1;
						TestTargetID = EDF4AB911BEAFBCE00100DBA;
					};
				};
			};
			buildConfigurationList = EDF4AB8D1BEAFBCE00100DBA /* Build configuration list for PBXProject "TVShopperIOS" */;
			compatibilityVersion = "Xcode 3.2";
			developmentRegion = English;
			hasScannedForEncodings = 0;
			knownRegions = (
				en,
				Base,
			);
			mainGroup = EDF4AB891BEAFBCE00100DBA;
			productRefGroup = EDF4AB931BEAFBCE00100DBA /* Products */;
			projectDirPath = "";
			projectRoot = "";
			targets = (
				EDF4AB911BEAFBCE00100DBA /* TVShopperIOS */,
				EDF4ABA51BEAFBCE00100DBA /* TVShopperIOSTests */,
				EDF4ABB01BEAFBCE00100DBA /* TVShopperIOSUITests */,
			);
		};
/* End PBXProject section */

/* Begin PBXResourcesBuildPhase section */
		EDF4AB901BEAFBCE00100DBA /* Resources */ = {
			isa = PBXResourcesBuildPhase;
			buildActionMask = 2147483647;
			files = (
				EDF4ABA01BEAFBCE00100DBA /* LaunchScreen.storyboard in Resources */,
				EDF4AB9D1BEAFBCE00100DBA /* Assets.xcassets in Resources */,
				EDF4AB9B1BEAFBCE00100DBA /* Main.storyboard in Resources */,
			);
			runOnlyForDeploymentPostprocessing = 0;
		};
		EDF4ABA41BEAFBCE00100DBA /* Resources */ = {
			isa = PBXResourcesBuildPhase;
			buildActionMask = 2147483647;
			files = (
			);
			runOnlyForDeploymentPostprocessing = 0;
		};
		EDF4ABAF1BEAFBCE00100DBA /* Resources */ = {
			isa = PBXResourcesBuildPhase;
			buildActionMask = 2147483647;
			files = (
			);
			runOnlyForDeploymentPostprocessing = 0;
		};
/* End PBXResourcesBuildPhase section */

/* Begin PBXSourcesBuildPhase section */
		EDF4AB8E1BEAFBCE00100DBA /* Sources */ = {
			isa = PBXSourcesBuildPhase;
			buildActionMask = 2147483647;
			files = (
				EDF4AB981BEAFBCE00100DBA /* ViewController.swift in Sources */,
				EDF4AB961BEAFBCE00100DBA /* AppDelegate.swift in Sources */,
			);
			runOnlyForDeploymentPostprocessing = 0;
		};
		EDF4ABA21BEAFBCE00100DBA /* Sources */ = {
			isa = PBXSourcesBuildPhase;
			buildActionMask = 2147483647;
			files = (
				EDF4ABAB1BEAFBCE00100DBA /* TVShopperIOSTests.swift in Sources */,
			);
			runOnlyForDeploymentPostprocessing = 0;
		};
		EDF4ABAD1BEAFBCE00100DBA /* Sources */ = {
			isa = PBXSourcesBuildPhase;
			buildActionMask = 2147483647;
			files = (
				EDF4ABB61BEAFBCE00100DBA /* TVShopperIOSUITests.swift in Sources */,
			);
			runOnlyForDeploymentPostprocessing = 0;
		};
/* End PBXSourcesBuildPhase section */

/* Begin PBXTargetDependency section */
		EDF4ABA81BEAFBCE00100DBA /* PBXTargetDependency */ = {
			isa = PBXTargetDependency;
			target = EDF4AB911BEAFBCE00100DBA /* TVShopperIOS */;
			targetProxy = EDF4ABA71BEAFBCE00100DBA /* PBXContainerItemProxy */;
		};
		EDF4ABB31BEAFBCE00100DBA /* PBXTargetDependency */ = {
			isa = PBXTargetDependency;
			target = EDF4AB911BEAFBCE00100DBA /* TVShopperIOS */;
			targetProxy = EDF4ABB21BEAFBCE00100DBA /* PBXContainerItemProxy */;
		};
/* End PBXTargetDependency section */

/* Begin PBXVariantGroup section */
		EDF4AB991BEAFBCE00100DBA /* Main.storyboard */ = {
			isa = PBXVariantGroup;
			children = (
				EDF4AB9A1BEAFBCE00100DBA /* Base */,
			);
			name = Main.storyboard;
			sourceTree = "<group>";
		};
		EDF4AB9E1BEAFBCE00100DBA /* LaunchScreen.storyboard */ = {
			isa = PBXVariantGroup;
			children = (
				EDF4AB9F1BEAFBCE00100DBA /* Base */,
			);
			name = LaunchScreen.storyboard;
			sourceTree = "<group>";
		};
/* End PBXVariantGroup section */

/* Begin XCBuildConfiguration section */
		EDF4ABB81BEAFBCE00100DBA /* Debug */ = {
			isa = XCBuildConfiguration;
			buildSettings = {
				ALWAYS_SEARCH_USER_PATHS = NO;
				CLANG_CXX_LANGUAGE_STANDARD = "gnu++0x";
				CLANG_CXX_LIBRARY = "libc++";
				CLANG_ENABLE_MODULES = YES;
				CLANG_ENABLE_OBJC_ARC = YES;
				CLANG_WARN_BOOL_CONVERSION = YES;
				CLANG_WARN_CONSTANT_CONVERSION = YES;
				CLANG_WARN_DIRECT_OBJC_ISA_USAGE = YES_ERROR;
				CLANG_WARN_EMPTY_BODY = YES;
				CLANG_WARN_ENUM_CONVERSION = YES;
				CLANG_WARN_INT_CONVERSION = YES;
				CLANG_WARN_OBJC_ROOT_CLASS = YES_ERROR;
				CLANG_WARN_UNREACHABLE_CODE = YES;
				CLANG_WARN__DUPLICATE_METHOD_MATCH = YES;
				"CODE_SIGN_IDENTITY[sdk=iphoneos*]" = "iPhone Developer";
				COPY_PHASE_STRIP = NO;
				DEBUG_INFORMATION_FORMAT = dwarf;
				ENABLE_STRICT_OBJC_MSGSEND = YES;
				ENABLE_TESTABILITY = YES;
				GCC_C_LANGUAGE_STANDARD = gnu99;
				GCC_DYNAMIC_NO_PIC = NO;
				GCC_NO_COMMON_BLOCKS = YES;
				GCC_OPTIMIZATION_LEVEL = 0;
				GCC_PREPROCESSOR_DEFINITIONS = (
					"DEBUG=1",
					"$(inherited)",
				);
				GCC_WARN_64_TO_32_BIT_CONVERSION = YES;
				GCC_WARN_ABOUT_RETURN_TYPE = YES_ERROR;
				GCC_WARN_UNDECLARED_SELECTOR = YES;
				GCC_WARN_UNINITIALIZED_AUTOS = YES_AGGRESSIVE;
				GCC_WARN_UNUSED_FUNCTION = YES;
				GCC_WARN_UNUSED_VARIABLE = YES;
				IPHONEOS_DEPLOYMENT_TARGET = 9.1;
				MTL_ENABLE_DEBUG_INFO = YES;
				ONLY_ACTIVE_ARCH = YES;
				SDKROOT = iphoneos;
				SWIFT_OPTIMIZATION_LEVEL = "-Onone";
			};
			name = Debug;
		};
		EDF4ABB91BEAFBCE00100DBA /* Release */ = {
			isa = XCBuildConfiguration;
			buildSettings = {
				ALWAYS_SEARCH_USER_PATHS = NO;
				CLANG_CXX_LANGUAGE_STANDARD = "gnu++0x";
				CLANG_CXX_LIBRARY = "libc++";
				CLANG_ENABLE_MODULES = YES;
				CLANG_ENABLE_OBJC_ARC = YES;
				CLANG_WARN_BOOL_CONVERSION = YES;
				CLANG_WARN_CONSTANT_CONVERSION = YES;
				CLANG_WARN_DIRECT_OBJC_ISA_USAGE = YES_ERROR;
				CLANG_WARN_EMPTY_BODY = YES;
				CLANG_WARN_ENUM_CONVERSION = YES;
				CLANG_WARN_INT_CONVERSION = YES;
				CLANG_WARN_OBJC_ROOT_CLASS = YES_ERROR;
				CLANG_WARN_UNREACHABLE_CODE = YES;
				CLANG_WARN__DUPLICATE_METHOD_MATCH = YES;
				"CODE_SIGN_IDENTITY[sdk=iphoneos*]" = "iPhone Developer";
				COPY_PHASE_STRIP = NO;
				DEBUG_INFORMATION_FORMAT = "dwarf-with-dsym";
				ENABLE_NS_ASSERTIONS = NO;
				ENABLE_STRICT_OBJC_MSGSEND = YES;
				GCC_C_LANGUAGE_STANDARD = gnu99;
				GCC_NO_COMMON_BLOCKS = YES;
				GCC_WARN_64_TO_32_BIT_CONVERSION = YES;
				GCC_WARN_ABOUT_RETURN_TYPE = YES_ERROR;
				GCC_WARN_UNDECLARED_SELECTOR = YES;
				GCC_WARN_UNINITIALIZED_AUTOS = YES_AGGRESSIVE;
				GCC_WARN_UNUSED_FUNCTION = YES;
				GCC_WARN_UNUSED_VARIABLE = YES;
				IPHONEOS_DEPLOYMENT_TARGET = 9.1;
				MTL_ENABLE_DEBUG_INFO = NO;
				SDKROOT = iphoneos;
				VALIDATE_PRODUCT = YES;
			};
			name = Release;
		};
		EDF4ABBB1BEAFBCE00100DBA /* Debug */ = {
			isa = XCBuildConfiguration;
			buildSettings = {
				ASSETCATALOG_COMPILER_APPICON_NAME = AppIcon;
				INFOPLIST_FILE = TVShopperIOS/Info.plist;
				LD_RUNPATH_SEARCH_PATHS = "$(inherited) @executable_path/Frameworks";
				PRODUCT_BUNDLE_IDENTIFIER = com.ThanasiStratigakis.TVShopperIOS;
				PRODUCT_NAME = "$(TARGET_NAME)";
			};
			name = Debug;
		};
		EDF4ABBC1BEAFBCE00100DBA /* Release */ = {
			isa = XCBuildConfiguration;
			buildSettings = {
				ASSETCATALOG_COMPILER_APPICON_NAME = AppIcon;
				INFOPLIST_FILE = TVShopperIOS/Info.plist;
				LD_RUNPATH_SEARCH_PATHS = "$(inherited) @executable_path/Frameworks";
				PRODUCT_BUNDLE_IDENTIFIER = com.ThanasiStratigakis.TVShopperIOS;
				PRODUCT_NAME = "$(TARGET_NAME)";
			};
			name = Release;
		};
		EDF4ABBE1BEAFBCE00100DBA /* Debug */ = {
			isa = XCBuildConfiguration;
			buildSettings = {
				BUNDLE_LOADER = "$(TEST_HOST)";
				INFOPLIST_FILE = TVShopperIOSTests/Info.plist;
				LD_RUNPATH_SEARCH_PATHS = "$(inherited) @executable_path/Frameworks @loader_path/Frameworks";
				PRODUCT_BUNDLE_IDENTIFIER = com.ThanasiStratigakis.TVShopperIOSTests;
				PRODUCT_NAME = "$(TARGET_NAME)";
				TEST_HOST = "$(BUILT_PRODUCTS_DIR)/TVShopperIOS.app/TVShopperIOS";
			};
			name = Debug;
		};
		EDF4ABBF1BEAFBCE00100DBA /* Release */ = {
			isa = XCBuildConfiguration;
			buildSettings = {
				BUNDLE_LOADER = "$(TEST_HOST)";
				INFOPLIST_FILE = TVShopperIOSTests/Info.plist;
				LD_RUNPATH_SEARCH_PATHS = "$(inherited) @executable_path/Frameworks @loader_path/Frameworks";
				PRODUCT_BUNDLE_IDENTIFIER = com.ThanasiStratigakis.TVShopperIOSTests;
				PRODUCT_NAME = "$(TARGET_NAME)";
				TEST_HOST = "$(BUILT_PRODUCTS_DIR)/TVShopperIOS.app/TVShopperIOS";
			};
			name = Release;
		};
		EDF4ABC11BEAFBCE00100DBA /* Debug */ = {
			isa = XCBuildConfiguration;
			buildSettings = {
				INFOPLIST_FILE = TVShopperIOSUITests/Info.plist;
				LD_RUNPATH_SEARCH_PATHS = "$(inherited) @executable_path/Frameworks @loader_path/Frameworks";
				PRODUCT_BUNDLE_IDENTIFIER = com.ThanasiStratigakis.TVShopperIOSUITests;
				PRODUCT_NAME = "$(TARGET_NAME)";
				TEST_TARGET_NAME = TVShopperIOS;
				USES_XCTRUNNER = YES;
			};
			name = Debug;
		};
		EDF4ABC21BEAFBCE00100DBA /* Release */ = {
			isa = XCBuildConfiguration;
			buildSettings = {
				INFOPLIST_FILE = TVShopperIOSUITests/Info.plist;
				LD_RUNPATH_SEARCH_PATHS = "$(inherited) @executable_path/Frameworks @loader_path/Frameworks";
				PRODUCT_BUNDLE_IDENTIFIER = com.ThanasiStratigakis.TVShopperIOSUITests;
				PRODUCT_NAME = "$(TARGET_NAME)";
				TEST_TARGET_NAME = TVShopperIOS;
				USES_XCTRUNNER = YES;
			};
			name = Release;
		};
/* End XCBuildConfiguration section */

/* Begin XCConfigurationList section */
		EDF4AB8D1BEAFBCE00100DBA /* Build configuration list for PBXProject "TVShopperIOS" */ = {
			isa = XCConfigurationList;
			buildConfigurations = (
				EDF4ABB81BEAFBCE00100DBA /* Debug */,
				EDF4ABB91BEAFBCE00100DBA /* Release */,
			);
			defaultConfigurationIsVisible = 0;
			defaultConfigurationName = Release;
		};
		EDF4ABBA1BEAFBCE00100DBA /* Build configuration list for PBXNativeTarget "TVShopperIOS" */ = {
			isa = XCConfigurationList;
			buildConfigurations = (
				EDF4ABBB1BEAFBCE00100DBA /* Debug */,
				EDF4ABBC1BEAFBCE00100DBA /* Release */,
			);
			defaultConfigurationIsVisible = 0;
		};
		EDF4ABBD1BEAFBCE00100DBA /* Build configuration list for PBXNativeTarget "TVShopperIOSTests" */ = {
			isa = XCConfigurationList;
			buildConfigurations = (
				EDF4ABBE1BEAFBCE00100DBA /* Debug */,
				EDF4ABBF1BEAFBCE00100DBA /* Release */,
			);
			defaultConfigurationIsVisible = 0;
		};
		EDF4ABC01BEAFBCE00100DBA /* Build configuration list for PBXNativeTarget "TVShopperIOSUITests" */ = {
			isa = XCConfigurationList;
			buildConfigurations = (
				EDF4ABC11BEAFBCE00100DBA /* Debug */,
				EDF4ABC21BEAFBCE00100DBA /* Release */,
			);
			defaultConfigurationIsVisible = 0;
		};
/* End XCConfigurationList section */
	};
	rootObject = EDF4AB8A1BEAFBCE00100DBA /* Project object */;
}
